
Microsoft Visual Studio Solution File, Format Version 12.00
# Visual Studio Version 17
VisualStudioVersion = 17.10.35013.160
MinimumVisualStudioVersion = 10.0.40219.1
Project("{FAE04EC0-301F-11D3-BF4B-00C04F79EFBC}") = "ASP.NET Lesson_2", "ASP.NET Lesson_2\ASP.NET Lesson_2.csproj", "{97524528-7C39-4316-8F80-DEFE7A269FE6}"
EndProject
Global
	GlobalSection(SolutionConfigurationPlatforms) = preSolution
		Debug|Any CPU = Debug|Any CPU
		Release|Any CPU = Release|Any CPU
	EndGlobalSection
	GlobalSection(ProjectConfigurationPlatforms) = postSolution
		{97524528-7C39-4316-8F80-DEFE7A269FE6}.Debug|Any CPU.ActiveCfg = Debug|Any CPU
		{97524528-7C39-4316-8F80-DEFE7A269FE6}.Debug|Any CPU.Build.0 = Debug|Any CPU
		{97524528-7C39-4316-8F80-DEFE7A269FE6}.Release|Any CPU.ActiveCfg = Release|Any CPU
		{97524528-7C39-4316-8F80-DEFE7A269FE6}.Release|Any CPU.Build.0 = Release|Any CPU
	EndGlobalSection
	GlobalSection(SolutionProperties) = preSolution
		HideSolutionNode = FALSE
	EndGlobalSection
	GlobalSection(ExtensibilityGlobals) = postSolution
		SolutionGuid = {88B3CAFA-63CB-49B4-AAF6-9BD826E67ABA}
	EndGlobalSection
EndGlobal
